
Microsoft Visual Studio Solution File, Format Version 12.00
# Visual Studio 15
VisualStudioVersion = 15.0.27428.2015
MinimumVisualStudioVersion = 10.0.40219.1
Project("{2150E333-8FDC-42A3-9474-1A3956D46DE8}") = "Tests", "Tests", "{B2CFCB1B-913A-421E-B765-DB507D6A35CB}"
EndProject
Project("{2150E333-8FDC-42A3-9474-1A3956D46DE8}") = "Solution Items", "Solution Items", "{2A7B0A69-6862-4D78-B04F-14774FA58FAD}"
	ProjectSection(SolutionItems) = preProject
		appveyor.yml = appveyor.yml
		build.cmd = build.cmd
		build.sh = build.sh
	EndProjectSection
EndProject
Project("{9A19103F-16F7-4668-BE54-9A1E7A4F7556}") = "TwentyTwenty.Storage.Amazon.Test", "test\TwentyTwenty.Storage.Amazon.Test\TwentyTwenty.Storage.Amazon.Test.csproj", "{B24FEFAD-0FEE-4466-A7B7-96F6475A3F20}"
EndProject
Project("{9A19103F-16F7-4668-BE54-9A1E7A4F7556}") = "TwentyTwenty.Storage.Azure.Test", "test\TwentyTwenty.Storage.Azure.Test\TwentyTwenty.Storage.Azure.Test.csproj", "{8BF141AA-5BF0-41F7-8394-05D8DD8BF91F}"
EndProject
Project("{9A19103F-16F7-4668-BE54-9A1E7A4F7556}") = "TwentyTwenty.Storage.Local.Test", "test\TwentyTwenty.Storage.Local.Test\TwentyTwenty.Storage.Local.Test.csproj", "{C4A5DCA4-D7D5-4165-929E-7DB701158FAB}"
EndProject
Project("{9A19103F-16F7-4668-BE54-9A1E7A4F7556}") = "TwentyTwenty.Storage", "src\TwentyTwenty.Storage\TwentyTwenty.Storage.csproj", "{FA840BCF-0A57-4605-8B99-9058B5CB7195}"
EndProject
Project("{9A19103F-16F7-4668-BE54-9A1E7A4F7556}") = "TwentyTwenty.Storage.Amazon", "src\TwentyTwenty.Storage.Amazon\TwentyTwenty.Storage.Amazon.csproj", "{F3EDB2B3-B0B1-4B48-9450-DD94E2270D09}"
EndProject
Project("{9A19103F-16F7-4668-BE54-9A1E7A4F7556}") = "TwentyTwenty.Storage.Azure", "src\TwentyTwenty.Storage.Azure\TwentyTwenty.Storage.Azure.csproj", "{6B86C0AC-918F-4399-BECE-F80020DC86E6}"
EndProject
Project("{9A19103F-16F7-4668-BE54-9A1E7A4F7556}") = "TwentyTwenty.Storage.Local", "src\TwentyTwenty.Storage.Local\TwentyTwenty.Storage.Local.csproj", "{6ECD92C6-7BFF-431D-AE3F-C52DFA370EC0}"
EndProject
Project("{9A19103F-16F7-4668-BE54-9A1E7A4F7556}") = "TwentyTwenty.Storage.Google", "src\TwentyTwenty.Storage.Google\TwentyTwenty.Storage.Google.csproj", "{1931F007-25DF-4DEE-86F6-C6EBEF192C0B}"
EndProject
Project("{9A19103F-16F7-4668-BE54-9A1E7A4F7556}") = "TwentyTwenty.Storage.Google.Test", "test\TwentyTwenty.Storage.Google.Test\TwentyTwenty.Storage.Google.Test.csproj", "{2F3AFB47-27FE-47B4-BF4B-C370F1E51320}"
EndProject
Global
	GlobalSection(SolutionConfigurationPlatforms) = preSolution
		Debug|Any CPU = Debug|Any CPU
		Release|Any CPU = Release|Any CPU
	EndGlobalSection
	GlobalSection(ProjectConfigurationPlatforms) = postSolution
		{B24FEFAD-0FEE-4466-A7B7-96F6475A3F20}.Debug|Any CPU.ActiveCfg = Debug|Any CPU
		{B24FEFAD-0FEE-4466-A7B7-96F6475A3F20}.Debug|Any CPU.Build.0 = Debug|Any CPU
		{B24FEFAD-0FEE-4466-A7B7-96F6475A3F20}.Release|Any CPU.ActiveCfg = Release|Any CPU
		{B24FEFAD-0FEE-4466-A7B7-96F6475A3F20}.Release|Any CPU.Build.0 = Release|Any CPU
		{8BF141AA-5BF0-41F7-8394-05D8DD8BF91F}.Debug|Any CPU.ActiveCfg = Debug|Any CPU
		{8BF141AA-5BF0-41F7-8394-05D8DD8BF91F}.Debug|Any CPU.Build.0 = Debug|Any CPU
		{8BF141AA-5BF0-41F7-8394-05D8DD8BF91F}.Release|Any CPU.ActiveCfg = Release|Any CPU
		{8BF141AA-5BF0-41F7-8394-05D8DD8BF91F}.Release|Any CPU.Build.0 = Release|Any CPU
		{C4A5DCA4-D7D5-4165-929E-7DB701158FAB}.Debug|Any CPU.ActiveCfg = Debug|Any CPU
		{C4A5DCA4-D7D5-4165-929E-7DB701158FAB}.Debug|Any CPU.Build.0 = Debug|Any CPU
		{C4A5DCA4-D7D5-4165-929E-7DB701158FAB}.Release|Any CPU.ActiveCfg = Release|Any CPU
		{C4A5DCA4-D7D5-4165-929E-7DB701158FAB}.Release|Any CPU.Build.0 = Release|Any CPU
		{FA840BCF-0A57-4605-8B99-9058B5CB7195}.Debug|Any CPU.ActiveCfg = Debug|Any CPU
		{FA840BCF-0A57-4605-8B99-9058B5CB7195}.Debug|Any CPU.Build.0 = Debug|Any CPU
		{FA840BCF-0A57-4605-8B99-9058B5CB7195}.Release|Any CPU.ActiveCfg = Release|Any CPU
		{FA840BCF-0A57-4605-8B99-9058B5CB7195}.Release|Any CPU.Build.0 = Release|Any CPU
		{F3EDB2B3-B0B1-4B48-9450-DD94E2270D09}.Debug|Any CPU.ActiveCfg = Debug|Any CPU
		{F3EDB2B3-B0B1-4B48-9450-DD94E2270D09}.Debug|Any CPU.Build.0 = Debug|Any CPU
		{F3EDB2B3-B0B1-4B48-9450-DD94E2270D09}.Release|Any CPU.ActiveCfg = Release|Any CPU
		{F3EDB2B3-B0B1-4B48-9450-DD94E2270D09}.Release|Any CPU.Build.0 = Release|Any CPU
		{6B86C0AC-918F-4399-BECE-F80020DC86E6}.Debug|Any CPU.ActiveCfg = Debug|Any CPU
		{6B86C0AC-918F-4399-BECE-F80020DC86E6}.Debug|Any CPU.Build.0 = Debug|Any CPU
		{6B86C0AC-918F-4399-BECE-F80020DC86E6}.Release|Any CPU.ActiveCfg = Release|Any CPU
		{6B86C0AC-918F-4399-BECE-F80020DC86E6}.Release|Any CPU.Build.0 = Release|Any CPU
		{6ECD92C6-7BFF-431D-AE3F-C52DFA370EC0}.Debug|Any CPU.ActiveCfg = Debug|Any CPU
		{6ECD92C6-7BFF-431D-AE3F-C52DFA370EC0}.Debug|Any CPU.Build.0 = Debug|Any CPU
		{6ECD92C6-7BFF-431D-AE3F-C52DFA370EC0}.Release|Any CPU.ActiveCfg = Release|Any CPU
		{6ECD92C6-7BFF-431D-AE3F-C52DFA370EC0}.Release|Any CPU.Build.0 = Release|Any CPU
		{1931F007-25DF-4DEE-86F6-C6EBEF192C0B}.Debug|Any CPU.ActiveCfg = Debug|Any CPU
		{1931F007-25DF-4DEE-86F6-C6EBEF192C0B}.Debug|Any CPU.Build.0 = Debug|Any CPU
		{1931F007-25DF-4DEE-86F6-C6EBEF192C0B}.Release|Any CPU.ActiveCfg = Release|Any CPU
		{1931F007-25DF-4DEE-86F6-C6EBEF192C0B}.Release|Any CPU.Build.0 = Release|Any CPU
		{2F3AFB47-27FE-47B4-BF4B-C370F1E51320}.Debug|Any CPU.ActiveCfg = Debug|Any CPU
		{2F3AFB47-27FE-47B4-BF4B-C370F1E51320}.Debug|Any CPU.Build.0 = Debug|Any CPU
		{2F3AFB47-27FE-47B4-BF4B-C370F1E51320}.Release|Any CPU.ActiveCfg = Release|Any CPU
		{2F3AFB47-27FE-47B4-BF4B-C370F1E51320}.Release|Any CPU.Build.0 = Release|Any CPU
	EndGlobalSection
	GlobalSection(SolutionProperties) = preSolution
		HideSolutionNode = FALSE
	EndGlobalSection
	GlobalSection(NestedProjects) = preSolution
		{B24FEFAD-0FEE-4466-A7B7-96F6475A3F20} = {B2CFCB1B-913A-421E-B765-DB507D6A35CB}
		{8BF141AA-5BF0-41F7-8394-05D8DD8BF91F} = {B2CFCB1B-913A-421E-B765-DB507D6A35CB}
		{C4A5DCA4-D7D5-4165-929E-7DB701158FAB} = {B2CFCB1B-913A-421E-B765-DB507D6A35CB}
		{2F3AFB47-27FE-47B4-BF4B-C370F1E51320} = {B2CFCB1B-913A-421E-B765-DB507D6A35CB}
	EndGlobalSection
	GlobalSection(ExtensibilityGlobals) = postSolution
		SolutionGuid = {0654392A-2786-4C4D-AA77-54A0281D207A}
	EndGlobalSection
EndGlobal
